
Microsoft Visual Studio Solution File, Format Version 12.00
# Visual Studio Version 17
VisualStudioVersion = 17.0.31521.260
MinimumVisualStudioVersion = 10.0.40219.1
Project("{FAE04EC0-301F-11D3-BF4B-00C04F79EFBC}") = "WebApp", "WebApp\WebApp.csproj", "{2A586D31-62A6-4079-9F8D-5D088CA5D046}"
EndProject
Global
	GlobalSection(SolutionConfigurationPlatforms) = preSolution
		Debug|Any CPU = Debug|Any CPU
		Release|Any CPU = Release|Any CPU
	EndGlobalSection
	GlobalSection(ProjectConfigurationPlatforms) = postSolution
		{2A586D31-62A6-4079-9F8D-5D088CA5D046}.Debug|Any CPU.ActiveCfg = Debug|Any CPU
		{2A586D31-62A6-4079-9F8D-5D088CA5D046}.Debug|Any CPU.Build.0 = Debug|Any CPU
		{2A586D31-62A6-4079-9F8D-5D088CA5D046}.Release|Any CPU.ActiveCfg = Release|Any CPU
		{2A586D31-62A6-4079-9F8D-5D088CA5D046}.Release|Any CPU.Build.0 = Release|Any CPU
	EndGlobalSection
	GlobalSection(SolutionProperties) = preSolution
		HideSolutionNode = FALSE
	EndGlobalSection
	GlobalSection(ExtensibilityGlobals) = postSolution
		SolutionGuid = {ECDCD1BC-359A-4ED9-BAB4-35086C21BCB8}
	EndGlobalSection
EndGlobal
